
Microsoft Visual Studio Solution File, Format Version 11.00
# Visual Studio 2010
Project("{FAE04EC0-301F-11D3-BF4B-00C04F79EFBC}") = "Thermostatic.Thermodroid", "Thermostatic.Thermodroid.csproj", "{1E88226A-DB28-4EEF-AD66-01F58E6EF621}"
EndProject
Global
	GlobalSection(SolutionConfigurationPlatforms) = preSolution
		Debug|Any CPU = Debug|Any CPU
		Release|Any CPU = Release|Any CPU
	EndGlobalSection
	GlobalSection(ProjectConfigurationPlatforms) = postSolution
		{1E88226A-DB28-4EEF-AD66-01F58E6EF621}.Debug|Any CPU.ActiveCfg = Debug|Any CPU
		{1E88226A-DB28-4EEF-AD66-01F58E6EF621}.Debug|Any CPU.Build.0 = Debug|Any CPU
		{1E88226A-DB28-4EEF-AD66-01F58E6EF621}.Release|Any CPU.ActiveCfg = Release|Any CPU
		{1E88226A-DB28-4EEF-AD66-01F58E6EF621}.Release|Any CPU.Build.0 = Release|Any CPU
	EndGlobalSection
EndGlobal
